// !$*UTF8*$!
{
	archiveVersion = 1;
	classes = {
	};
	objectVersion = 46;
	objects = {

/* Begin PBXBuildFile section */
		8E0B1A851D1736DC00D39CC5 /* Intro.m in Sources */ = {isa = PBXBuildFile; fileRef = 8E0B1A841D1736DC00D39CC5 /* Intro.m */; };
		8E0B1A881D1739D600D39CC5 /* Declarations.m in Sources */ = {isa = PBXBuildFile; fileRef = 8E0B1A871D1739D600D39CC5 /* Declarations.m */; };
		8E0B1A8D1D175F8500D39CC5 /* DragonBallSuper.jpg in Resources */ = {isa = PBXBuildFile; fileRef = 8E0B1A8A1D175F8500D39CC5 /* DragonBallSuper.jpg */; };
		8E0B1A8E1D175F8500D39CC5 /* GokuAndVegetaGod.png in Resources */ = {isa = PBXBuildFile; fileRef = 8E0B1A8B1D175F8500D39CC5 /* GokuAndVegetaGod.png */; };
		8E0B1A8F1D175F8500D39CC5 /* GokuSSG.jpg in Resources */ = {isa = PBXBuildFile; fileRef = 8E0B1A8C1D175F8500D39CC5 /* GokuSSG.jpg */; };
		8E0B1A921D176D0000D39CC5 /* Home.m in Sources */ = {isa = PBXBuildFile; fileRef = 8E0B1A911D176D0000D39CC5 /* Home.m */; };
		8E6EDF791D178CD900AB0F74 /* CellWarriors.m in Sources */ = {isa = PBXBuildFile; fileRef = 8E6EDF771D178CD900AB0F74 /* CellWarriors.m */; };
		8E6EDF7A1D178CD900AB0F74 /* CellWarriors.xib in Resources */ = {isa = PBXBuildFile; fileRef = 8E6EDF781D178CD900AB0F74 /* CellWarriors.xib */; };
		8E6EDF8B1D17983300AB0F74 /* Bills.png in Resources */ = {isa = PBXBuildFile; fileRef = 8E6EDF7B1D17983300AB0F74 /* Bills.png */; };
		8E6EDF8C1D17983300AB0F74 /* Black.jpg in Resources */ = {isa = PBXBuildFile; fileRef = 8E6EDF7C1D17983300AB0F74 /* Black.jpg */; };
		8E6EDF8D1D17983300AB0F74 /* Champa.png in Resources */ = {isa = PBXBuildFile; fileRef = 8E6EDF7D1D17983300AB0F74 /* Champa.png */; };
		8E6EDF8E1D17983300AB0F74 /* FutureTrunks.png in Resources */ = {isa = PBXBuildFile; fileRef = 8E6EDF7E1D17983300AB0F74 /* FutureTrunks.png */; };
		8E6EDF8F1D17983300AB0F74 /* Gohan.png in Resources */ = {isa = PBXBuildFile; fileRef = 8E6EDF7F1D17983300AB0F74 /* Gohan.png */; };
		8E6EDF901D17983300AB0F74 /* GokuGod.png in Resources */ = {isa = PBXBuildFile; fileRef = 8E6EDF801D17983300AB0F74 /* GokuGod.png */; };
		8E6EDF911D17983300AB0F74 /* GoldenFreezer.png in Resources */ = {isa = PBXBuildFile; fileRef = 8E6EDF811D17983300AB0F74 /* GoldenFreezer.png */; };
		8E6EDF921D17983300AB0F74 /* Goten.png in Resources */ = {isa = PBXBuildFile; fileRef = 8E6EDF821D17983300AB0F74 /* Goten.png */; };
		8E6EDF931D17983300AB0F74 /* hit.jpg in Resources */ = {isa = PBXBuildFile; fileRef = 8E6EDF831D17983300AB0F74 /* hit.jpg */; };
		8E6EDF941D17983300AB0F74 /* Kyabe.png in Resources */ = {isa = PBXBuildFile; fileRef = 8E6EDF841D17983300AB0F74 /* Kyabe.png */; };
		8E6EDF951D17983300AB0F74 /* Majin-Boo.jpg in Resources */ = {isa = PBXBuildFile; fileRef = 8E6EDF851D17983300AB0F74 /* Majin-Boo.jpg */; };
		8E6EDF961D17983300AB0F74 /* monaka.jpg in Resources */ = {isa = PBXBuildFile; fileRef = 8E6EDF861D17983300AB0F74 /* monaka.jpg */; };
		8E6EDF971D17983300AB0F74 /* picoro.jpg in Resources */ = {isa = PBXBuildFile; fileRef = 8E6EDF871D17983300AB0F74 /* picoro.jpg */; };
		8E6EDF981D17983300AB0F74 /* VadosFace.png in Resources */ = {isa = PBXBuildFile; fileRef = 8E6EDF881D17983300AB0F74 /* VadosFace.png */; };
		8E6EDF991D17983300AB0F74 /* VeguetaSSGod.png in Resources */ = {isa = PBXBuildFile; fileRef = 8E6EDF891D17983300AB0F74 /* VeguetaSSGod.png */; };
		8E6EDF9A1D17983300AB0F74 /* Wiss.png in Resources */ = {isa = PBXBuildFile; fileRef = 8E6EDF8A1D17983300AB0F74 /* Wiss.png */; };
		8ECEE3241D1724EC0036B59B /* main.m in Sources */ = {isa = PBXBuildFile; fileRef = 8ECEE3231D1724EC0036B59B /* main.m */; };
		8ECEE3271D1724EC0036B59B /* AppDelegate.m in Sources */ = {isa = PBXBuildFile; fileRef = 8ECEE3261D1724EC0036B59B /* AppDelegate.m */; };
		8ECEE32A1D1724EC0036B59B /* Start.m in Sources */ = {isa = PBXBuildFile; fileRef = 8ECEE3291D1724EC0036B59B /* Start.m */; };
		8ECEE32D1D1724EC0036B59B /* Main.storyboard in Resources */ = {isa = PBXBuildFile; fileRef = 8ECEE32B1D1724EC0036B59B /* Main.storyboard */; };
		8ECEE3301D1724EC0036B59B /* Lab04.xcdatamodeld in Sources */ = {isa = PBXBuildFile; fileRef = 8ECEE32E1D1724EC0036B59B /* Lab04.xcdatamodeld */; };
		8ECEE3321D1724EC0036B59B /* Assets.xcassets in Resources */ = {isa = PBXBuildFile; fileRef = 8ECEE3311D1724EC0036B59B /* Assets.xcassets */; };
		8ECEE3351D1724EC0036B59B /* LaunchScreen.storyboard in Resources */ = {isa = PBXBuildFile; fileRef = 8ECEE3331D1724EC0036B59B /* LaunchScreen.storyboard */; };
/* End PBXBuildFile section */

/* Begin PBXFileReference section */
		8E0B1A831D1736DC00D39CC5 /* Intro.h */ = {isa = PBXFileReference; fileEncoding = 4; lastKnownFileType = sourcecode.c.h; path = Intro.h; sourceTree = "<group>"; };
		8E0B1A841D1736DC00D39CC5 /* Intro.m */ = {isa = PBXFileReference; fileEncoding = 4; lastKnownFileType = sourcecode.c.objc; path = Intro.m; sourceTree = "<group>"; };
		8E0B1A861D1739D600D39CC5 /* Declarations.h */ = {isa = PBXFileReference; fileEncoding = 4; lastKnownFileType = sourcecode.c.h; path = Declarations.h; sourceTree = "<group>"; };
		8E0B1A871D1739D600D39CC5 /* Declarations.m */ = {isa = PBXFileReference; fileEncoding = 4; lastKnownFileType = sourcecode.c.objc; path = Declarations.m; sourceTree = "<group>"; };
		8E0B1A8A1D175F8500D39CC5 /* DragonBallSuper.jpg */ = {isa = PBXFileReference; lastKnownFileType = image.jpeg; path = DragonBallSuper.jpg; sourceTree = "<group>"; };
		8E0B1A8B1D175F8500D39CC5 /* GokuAndVegetaGod.png */ = {isa = PBXFileReference; lastKnownFileType = image.png; path = GokuAndVegetaGod.png; sourceTree = "<group>"; };
		8E0B1A8C1D175F8500D39CC5 /* GokuSSG.jpg */ = {isa = PBXFileReference; lastKnownFileType = image.jpeg; path = GokuSSG.jpg; sourceTree = "<group>"; };
		8E0B1A901D176D0000D39CC5 /* Home.h */ = {isa = PBXFileReference; fileEncoding = 4; lastKnownFileType = sourcecode.c.h; path = Home.h; sourceTree = "<group>"; };
		8E0B1A911D176D0000D39CC5 /* Home.m */ = {isa = PBXFileReference; fileEncoding = 4; lastKnownFileType = sourcecode.c.objc; path = Home.m; sourceTree = "<group>"; };
		8E6EDF761D178CD900AB0F74 /* CellWarriors.h */ = {isa = PBXFileReference; fileEncoding = 4; lastKnownFileType = sourcecode.c.h; path = CellWarriors.h; sourceTree = "<group>"; };
		8E6EDF771D178CD900AB0F74 /* CellWarriors.m */ = {isa = PBXFileReference; fileEncoding = 4; lastKnownFileType = sourcecode.c.objc; path = CellWarriors.m; sourceTree = "<group>"; };
		8E6EDF781D178CD900AB0F74 /* CellWarriors.xib */ = {isa = PBXFileReference; fileEncoding = 4; lastKnownFileType = file.xib; path = CellWarriors.xib; sourceTree = "<group>"; };
		8E6EDF7B1D17983300AB0F74 /* Bills.png */ = {isa = PBXFileReference; lastKnownFileType = image.png; path = Bills.png; sourceTree = "<group>"; };
		8E6EDF7C1D17983300AB0F74 /* Black.jpg */ = {isa = PBXFileReference; lastKnownFileType = image.jpeg; path = Black.jpg; sourceTree = "<group>"; };
		8E6EDF7D1D17983300AB0F74 /* Champa.png */ = {isa = PBXFileReference; lastKnownFileType = image.png; path = Champa.png; sourceTree = "<group>"; };
		8E6EDF7E1D17983300AB0F74 /* FutureTrunks.png */ = {isa = PBXFileReference; lastKnownFileType = image.png; path = FutureTrunks.png; sourceTree = "<group>"; };
		8E6EDF7F1D17983300AB0F74 /* Gohan.png */ = {isa = PBXFileReference; lastKnownFileType = image.png; path = Gohan.png; sourceTree = "<group>"; };
		8E6EDF801D17983300AB0F74 /* GokuGod.png */ = {isa = PBXFileReference; lastKnownFileType = image.png; path = GokuGod.png; sourceTree = "<group>"; };
		8E6EDF811D17983300AB0F74 /* GoldenFreezer.png */ = {isa = PBXFileReference; lastKnownFileType = image.png; path = GoldenFreezer.png; sourceTree = "<group>"; };
		8E6EDF821D17983300AB0F74 /* Goten.png */ = {isa = PBXFileReference; lastKnownFileType = image.png; path = Goten.png; sourceTree = "<group>"; };
		8E6EDF831D17983300AB0F74 /* hit.jpg */ = {isa = PBXFileReference; lastKnownFileType = image.jpeg; path = hit.jpg; sourceTree = "<group>"; };
		8E6EDF841D17983300AB0F74 /* Kyabe.png */ = {isa = PBXFileReference; lastKnownFileType = image.png; path = Kyabe.png; sourceTree = "<group>"; };
		8E6EDF851D17983300AB0F74 /* Majin-Boo.jpg */ = {isa = PBXFileReference; lastKnownFileType = image.jpeg; path = "Majin-Boo.jpg"; sourceTree = "<group>"; };
		8E6EDF861D17983300AB0F74 /* monaka.jpg */ = {isa = PBXFileReference; lastKnownFileType = image.jpeg; path = monaka.jpg; sourceTree = "<group>"; };
		8E6EDF871D17983300AB0F74 /* picoro.jpg */ = {isa = PBXFileReference; lastKnownFileType = image.jpeg; path = picoro.jpg; sourceTree = "<group>"; };
		8E6EDF881D17983300AB0F74 /* VadosFace.png */ = {isa = PBXFileReference; lastKnownFileType = image.png; path = VadosFace.png; sourceTree = "<group>"; };
		8E6EDF891D17983300AB0F74 /* VeguetaSSGod.png */ = {isa = PBXFileReference; lastKnownFileType = image.png; path = VeguetaSSGod.png; sourceTree = "<group>"; };
		8E6EDF8A1D17983300AB0F74 /* Wiss.png */ = {isa = PBXFileReference; lastKnownFileType = image.png; path = Wiss.png; sourceTree = "<group>"; };
		8ECEE31F1D1724EC0036B59B /* Lab04.app */ = {isa = PBXFileReference; explicitFileType = wrapper.application; includeInIndex = 0; path = Lab04.app; sourceTree = BUILT_PRODUCTS_DIR; };
		8ECEE3231D1724EC0036B59B /* main.m */ = {isa = PBXFileReference; lastKnownFileType = sourcecode.c.objc; path = main.m; sourceTree = "<group>"; };
		8ECEE3251D1724EC0036B59B /* AppDelegate.h */ = {isa = PBXFileReference; lastKnownFileType = sourcecode.c.h; path = AppDelegate.h; sourceTree = "<group>"; };
		8ECEE3261D1724EC0036B59B /* AppDelegate.m */ = {isa = PBXFileReference; lastKnownFileType = sourcecode.c.objc; path = AppDelegate.m; sourceTree = "<group>"; };
		8ECEE3281D1724EC0036B59B /* Start.h */ = {isa = PBXFileReference; lastKnownFileType = sourcecode.c.h; path = Start.h; sourceTree = "<group>"; };
		8ECEE3291D1724EC0036B59B /* Start.m */ = {isa = PBXFileReference; lastKnownFileType = sourcecode.c.objc; path = Start.m; sourceTree = "<group>"; };
		8ECEE32C1D1724EC0036B59B /* Base */ = {isa = PBXFileReference; lastKnownFileType = file.storyboard; name = Base; path = Base.lproj/Main.storyboard; sourceTree = "<group>"; };
		8ECEE32F1D1724EC0036B59B /* Lab04.xcdatamodel */ = {isa = PBXFileReference; lastKnownFileType = wrapper.xcdatamodel; path = Lab04.xcdatamodel; sourceTree = "<group>"; };
		8ECEE3311D1724EC0036B59B /* Assets.xcassets */ = {isa = PBXFileReference; lastKnownFileType = folder.assetcatalog; path = Assets.xcassets; sourceTree = "<group>"; };
		8ECEE3341D1724EC0036B59B /* Base */ = {isa = PBXFileReference; lastKnownFileType = file.storyboard; name = Base; path = Base.lproj/LaunchScreen.storyboard; sourceTree = "<group>"; };
		8ECEE3361D1724EC0036B59B /* Info.plist */ = {isa = PBXFileReference; lastKnownFileType = text.plist.xml; path = Info.plist; sourceTree = "<group>"; };
/* End PBXFileReference section */

/* Begin PBXFrameworksBuildPhase section */
		8ECEE31C1D1724EC0036B59B /* Frameworks */ = {
			isa = PBXFrameworksBuildPhase;
			buildActionMask = 2147483647;
			files = (
			);
			runOnlyForDeploymentPostprocessing = 0;
		};
/* End PBXFrameworksBuildPhase section */

/* Begin PBXGroup section */
		8E0B1A891D175F8500D39CC5 /* imgs */ = {
			isa = PBXGroup;
			children = (
				8E6EDF7B1D17983300AB0F74 /* Bills.png */,
				8E6EDF7C1D17983300AB0F74 /* Black.jpg */,
				8E6EDF7D1D17983300AB0F74 /* Champa.png */,
				8E6EDF7E1D17983300AB0F74 /* FutureTrunks.png */,
				8E6EDF7F1D17983300AB0F74 /* Gohan.png */,
				8E6EDF801D17983300AB0F74 /* GokuGod.png */,
				8E6EDF811D17983300AB0F74 /* GoldenFreezer.png */,
				8E6EDF821D17983300AB0F74 /* Goten.png */,
				8E6EDF831D17983300AB0F74 /* hit.jpg */,
				8E6EDF841D17983300AB0F74 /* Kyabe.png */,
				8E6EDF851D17983300AB0F74 /* Majin-Boo.jpg */,
				8E6EDF861D17983300AB0F74 /* monaka.jpg */,
				8E6EDF871D17983300AB0F74 /* picoro.jpg */,
				8E6EDF881D17983300AB0F74 /* VadosFace.png */,
				8E6EDF891D17983300AB0F74 /* VeguetaSSGod.png */,
				8E6EDF8A1D17983300AB0F74 /* Wiss.png */,
				8E0B1A8A1D175F8500D39CC5 /* DragonBallSuper.jpg */,
				8E0B1A8B1D175F8500D39CC5 /* GokuAndVegetaGod.png */,
				8E0B1A8C1D175F8500D39CC5 /* GokuSSG.jpg */,
			);
			path = imgs;
			sourceTree = "<group>";
		};
		8E6EDF721D178C2F00AB0F74 /* Cells */ = {
			isa = PBXGroup;
			children = (
				8E6EDF761D178CD900AB0F74 /* CellWarriors.h */,
				8E6EDF771D178CD900AB0F74 /* CellWarriors.m */,
				8E6EDF781D178CD900AB0F74 /* CellWarriors.xib */,
			);
			name = Cells;
			sourceTree = "<group>";
		};
		8ECEE3161D1724EC0036B59B = {
			isa = PBXGroup;
			children = (
				8ECEE3211D1724EC0036B59B /* Lab04 */,
				8ECEE3201D1724EC0036B59B /* Products */,
			);
			sourceTree = "<group>";
		};
		8ECEE3201D1724EC0036B59B /* Products */ = {
			isa = PBXGroup;
			children = (
				8ECEE31F1D1724EC0036B59B /* Lab04.app */,
			);
			name = Products;
			sourceTree = "<group>";
		};
		8ECEE3211D1724EC0036B59B /* Lab04 */ = {
			isa = PBXGroup;
			children = (
				8ECEE33C1D1726780036B59B /* Main */,
				8ECEE33D1D1726810036B59B /* Controllers */,
				8E0B1A891D175F8500D39CC5 /* imgs */,
				8ECEE32B1D1724EC0036B59B /* Main.storyboard */,
				8ECEE3311D1724EC0036B59B /* Assets.xcassets */,
				8ECEE3331D1724EC0036B59B /* LaunchScreen.storyboard */,
				8ECEE3361D1724EC0036B59B /* Info.plist */,
				8ECEE32E1D1724EC0036B59B /* Lab04.xcdatamodeld */,
				8ECEE3221D1724EC0036B59B /* Supporting Files */,
			);
			path = Lab04;
			sourceTree = "<group>";
		};
		8ECEE3221D1724EC0036B59B /* Supporting Files */ = {
			isa = PBXGroup;
			children = (
				8ECEE3231D1724EC0036B59B /* main.m */,
			);
			name = "Supporting Files";
			sourceTree = "<group>";
		};
		8ECEE33C1D1726780036B59B /* Main */ = {
			isa = PBXGroup;
			children = (
				8ECEE3251D1724EC0036B59B /* AppDelegate.h */,
				8ECEE3261D1724EC0036B59B /* AppDelegate.m */,
				8E0B1A861D1739D600D39CC5 /* Declarations.h */,
				8E0B1A871D1739D600D39CC5 /* Declarations.m */,
			);
			name = Main;
			sourceTree = "<group>";
		};
		8ECEE33D1D1726810036B59B /* Controllers */ = {
			isa = PBXGroup;
			children = (
				8ECEE3281D1724EC0036B59B /* Start.h */,
				8ECEE3291D1724EC0036B59B /* Start.m */,
				8E0B1A831D1736DC00D39CC5 /* Intro.h */,
				8E0B1A841D1736DC00D39CC5 /* Intro.m */,
				8E0B1A901D176D0000D39CC5 /* Home.h */,
				8E0B1A911D176D0000D39CC5 /* Home.m */,
				8E6EDF721D178C2F00AB0F74 /* Cells */,
			);
			name = Controllers;
			sourceTree = "<group>";
		};
/* End PBXGroup section */

/* Begin PBXNativeTarget section */
		8ECEE31E1D1724EC0036B59B /* Lab04 */ = {
			isa = PBXNativeTarget;
			buildConfigurationList = 8ECEE3391D1724EC0036B59B /* Build configuration list for PBXNativeTarget "Lab04" */;
			buildPhases = (
				8ECEE31B1D1724EC0036B59B /* Sources */,
				8ECEE31C1D1724EC0036B59B /* Frameworks */,
				8ECEE31D1D1724EC0036B59B /* Resources */,
			);
			buildRules = (
			);
			dependencies = (
			);
			name = Lab04;
			productName = Lab04;
			productReference = 8ECEE31F1D1724EC0036B59B /* Lab04.app */;
			productType = "com.apple.product-type.application";
		};
/* End PBXNativeTarget section */

/* Begin PBXProject section */
		8ECEE3171D1724EC0036B59B /* Project object */ = {
			isa = PBXProject;
			attributes = {
				LastUpgradeCheck = 0730;
				ORGANIZATIONNAME = Philbert;
				TargetAttributes = {
					8ECEE31E1D1724EC0036B59B = {
						CreatedOnToolsVersion = 7.3.1;
					};
				};
			};
			buildConfigurationList = 8ECEE31A1D1724EC0036B59B /* Build configuration list for PBXProject "Lab04" */;
			compatibilityVersion = "Xcode 3.2";
			developmentRegion = English;
			hasScannedForEncodings = 0;
			knownRegions = (
				en,
				Base,
			);
			mainGroup = 8ECEE3161D1724EC0036B59B;
			productRefGroup = 8ECEE3201D1724EC0036B59B /* Products */;
			projectDirPath = "";
			projectRoot = "";
			targets = (
				8ECEE31E1D1724EC0036B59B /* Lab04 */,
			);
		};
/* End PBXProject section */

/* Begin PBXResourcesBuildPhase section */
		8ECEE31D1D1724EC0036B59B /* Resources */ = {
			isa = PBXResourcesBuildPhase;
			buildActionMask = 2147483647;
			files = (
				8E6EDF941D17983300AB0F74 /* Kyabe.png in Resources */,
				8E6EDF8C1D17983300AB0F74 /* Black.jpg in Resources */,
				8E6EDF8F1D17983300AB0F74 /* Gohan.png in Resources */,
				8E0B1A8E1D175F8500D39CC5 /* GokuAndVegetaGod.png in Resources */,
				8E6EDF961D17983300AB0F74 /* monaka.jpg in Resources */,
				8E6EDF971D17983300AB0F74 /* picoro.jpg in Resources */,
				8E6EDF7A1D178CD900AB0F74 /* CellWarriors.xib in Resources */,
				8E6EDF981D17983300AB0F74 /* VadosFace.png in Resources */,
				8E6EDF921D17983300AB0F74 /* Goten.png in Resources */,
				8E6EDF8D1D17983300AB0F74 /* Champa.png in Resources */,
				8E6EDF8B1D17983300AB0F74 /* Bills.png in Resources */,
				8E6EDF8E1D17983300AB0F74 /* FutureTrunks.png in Resources */,
				8E6EDF901D17983300AB0F74 /* GokuGod.png in Resources */,
				8E0B1A8F1D175F8500D39CC5 /* GokuSSG.jpg in Resources */,
				8ECEE3351D1724EC0036B59B /* LaunchScreen.storyboard in Resources */,
				8E6EDF931D17983300AB0F74 /* hit.jpg in Resources */,
				8ECEE3321D1724EC0036B59B /* Assets.xcassets in Resources */,
				8E6EDF951D17983300AB0F74 /* Majin-Boo.jpg in Resources */,
				8E6EDF991D17983300AB0F74 /* VeguetaSSGod.png in Resources */,
				8E6EDF9A1D17983300AB0F74 /* Wiss.png in Resources */,
				8ECEE32D1D1724EC0036B59B /* Main.storyboard in Resources */,
				8E6EDF911D17983300AB0F74 /* GoldenFreezer.png in Resources */,
				8E0B1A8D1D175F8500D39CC5 /* DragonBallSuper.jpg in Resources */,
			);
			runOnlyForDeploymentPostprocessing = 0;
		};
/* End PBXResourcesBuildPhase section */

/* Begin PBXSourcesBuildPhase section */
		8ECEE31B1D1724EC0036B59B /* Sources */ = {
			isa = PBXSourcesBuildPhase;
			buildActionMask = 2147483647;
			files = (
				8E0B1A851D1736DC00D39CC5 /* Intro.m in Sources */,
				8ECEE32A1D1724EC0036B59B /* Start.m in Sources */,
				8E6EDF791D178CD900AB0F74 /* CellWarriors.m in Sources */,
				8E0B1A881D1739D600D39CC5 /* Declarations.m in Sources */,
				8ECEE3301D1724EC0036B59B /* Lab04.xcdatamodeld in Sources */,
				8ECEE3271D1724EC0036B59B /* AppDelegate.m in Sources */,
				8E0B1A921D176D0000D39CC5 /* Home.m in Sources */,
				8ECEE3241D1724EC0036B59B /* main.m in Sources */,
			);
			runOnlyForDeploymentPostprocessing = 0;
		};
/* End PBXSourcesBuildPhase section */

/* Begin PBXVariantGroup section */
		8ECEE32B1D1724EC0036B59B /* Main.storyboard */ = {
			isa = PBXVariantGroup;
			children = (
				8ECEE32C1D1724EC0036B59B /* Base */,
			);
			name = Main.storyboard;
			sourceTree = "<group>";
		};
		8ECEE3331D1724EC0036B59B /* LaunchScreen.storyboard */ = {
			isa = PBXVariantGroup;
			children = (
				8ECEE3341D1724EC0036B59B /* Base */,
			);
			name = LaunchScreen.storyboard;
			sourceTree = "<group>";
		};
/* End PBXVariantGroup section */

/* Begin XCBuildConfiguration section */
		8ECEE3371D1724EC0036B59B /* Debug */ = {
			isa = XCBuildConfiguration;
			buildSettings = {
				ALWAYS_SEARCH_USER_PATHS = NO;
				CLANG_ANALYZER_NONNULL = YES;
				CLANG_CXX_LANGUAGE_STANDARD = "gnu++0x";
				CLANG_CXX_LIBRARY = "libc++";
				CLANG_ENABLE_MODULES = YES;
				CLANG_ENABLE_OBJC_ARC = YES;
				CLANG_WARN_BOOL_CONVERSION = YES;
				CLANG_WARN_CONSTANT_CONVERSION = YES;
				CLANG_WARN_DIRECT_OBJC_ISA_USAGE = YES_ERROR;
				CLANG_WARN_EMPTY_BODY = YES;
				CLANG_WARN_ENUM_CONVERSION = YES;
				CLANG_WARN_INT_CONVERSION = YES;
				CLANG_WARN_OBJC_ROOT_CLASS = YES_ERROR;
				CLANG_WARN_UNREACHABLE_CODE = YES;
				CLANG_WARN__DUPLICATE_METHOD_MATCH = YES;
				"CODE_SIGN_IDENTITY[sdk=iphoneos*]" = "iPhone Developer";
				COPY_PHASE_STRIP = NO;
				DEBUG_INFORMATION_FORMAT = dwarf;
				ENABLE_STRICT_OBJC_MSGSEND = YES;
				ENABLE_TESTABILITY = YES;
				GCC_C_LANGUAGE_STANDARD = gnu99;
				GCC_DYNAMIC_NO_PIC = NO;
				GCC_NO_COMMON_BLOCKS = YES;
				GCC_OPTIMIZATION_LEVEL = 0;
				GCC_PREPROCESSOR_DEFINITIONS = (
					"DEBUG=1",
					"$(inherited)",
				);
				GCC_WARN_64_TO_32_BIT_CONVERSION = YES;
				GCC_WARN_ABOUT_RETURN_TYPE = YES_ERROR;
				GCC_WARN_UNDECLARED_SELECTOR = YES;
				GCC_WARN_UNINITIALIZED_AUTOS = YES_AGGRESSIVE;
				GCC_WARN_UNUSED_FUNCTION = YES;
				GCC_WARN_UNUSED_VARIABLE = YES;
				IPHONEOS_DEPLOYMENT_TARGET = 9.3;
				MTL_ENABLE_DEBUG_INFO = YES;
				ONLY_ACTIVE_ARCH = YES;
				SDKROOT = iphoneos;
			};
			name = Debug;
		};
		8ECEE3381D1724EC0036B59B /* Release */ = {
			isa = XCBuildConfiguration;
			buildSettings = {
				ALWAYS_SEARCH_USER_PATHS = NO;
				CLANG_ANALYZER_NONNULL = YES;
				CLANG_CXX_LANGUAGE_STANDARD = "gnu++0x";
				CLANG_CXX_LIBRARY = "libc++";
				CLANG_ENABLE_MODULES = YES;
				CLANG_ENABLE_OBJC_ARC = YES;
				CLANG_WARN_BOOL_CONVERSION = YES;
				CLANG_WARN_CONSTANT_CONVERSION = YES;
				CLANG_WARN_DIRECT_OBJC_ISA_USAGE = YES_ERROR;
				CLANG_WARN_EMPTY_BODY = YES;
				CLANG_WARN_ENUM_CONVERSION = YES;
				CLANG_WARN_INT_CONVERSION = YES;
				CLANG_WARN_OBJC_ROOT_CLASS = YES_ERROR;
				CLANG_WARN_UNREACHABLE_CODE = YES;
				CLANG_WARN__DUPLICATE_METHOD_MATCH = YES;
				"CODE_SIGN_IDENTITY[sdk=iphoneos*]" = "iPhone Developer";
				COPY_PHASE_STRIP = NO;
				DEBUG_INFORMATION_FORMAT = "dwarf-with-dsym";
				ENABLE_NS_ASSERTIONS = NO;
				ENABLE_STRICT_OBJC_MSGSEND = YES;
				GCC_C_LANGUAGE_STANDARD = gnu99;
				GCC_NO_COMMON_BLOCKS = YES;
				GCC_WARN_64_TO_32_BIT_CONVERSION = YES;
				GCC_WARN_ABOUT_RETURN_TYPE = YES_ERROR;
				GCC_WARN_UNDECLARED_SELECTOR = YES;
				GCC_WARN_UNINITIALIZED_AUTOS = YES_AGGRESSIVE;
				GCC_WARN_UNUSED_FUNCTION = YES;
				GCC_WARN_UNUSED_VARIABLE = YES;
				IPHONEOS_DEPLOYMENT_TARGET = 9.3;
				MTL_ENABLE_DEBUG_INFO = NO;
				SDKROOT = iphoneos;
				VALIDATE_PRODUCT = YES;
			};
			name = Release;
		};
		8ECEE33A1D1724EC0036B59B /* Debug */ = {
			isa = XCBuildConfiguration;
			buildSettings = {
				ASSETCATALOG_COMPILER_APPICON_NAME = AppIcon;
				INFOPLIST_FILE = Lab04/Info.plist;
				LD_RUNPATH_SEARCH_PATHS = "$(inherited) @executable_path/Frameworks";
				PRODUCT_BUNDLE_IDENTIFIER = com.Philbert.Lab04;
				PRODUCT_NAME = "$(TARGET_NAME)";
			};
			name = Debug;
		};
		8ECEE33B1D1724EC0036B59B /* Release */ = {
			isa = XCBuildConfiguration;
			buildSettings = {
				ASSETCATALOG_COMPILER_APPICON_NAME = AppIcon;
				INFOPLIST_FILE = Lab04/Info.plist;
				LD_RUNPATH_SEARCH_PATHS = "$(inherited) @executable_path/Frameworks";
				PRODUCT_BUNDLE_IDENTIFIER = com.Philbert.Lab04;
				PRODUCT_NAME = "$(TARGET_NAME)";
			};
			name = Release;
		};
/* End XCBuildConfiguration section */

/* Begin XCConfigurationList section */
		8ECEE31A1D1724EC0036B59B /* Build configuration list for PBXProject "Lab04" */ = {
			isa = XCConfigurationList;
			buildConfigurations = (
				8ECEE3371D1724EC0036B59B /* Debug */,
				8ECEE3381D1724EC0036B59B /* Release */,
			);
			defaultConfigurationIsVisible = 0;
			defaultConfigurationName = Release;
		};
		8ECEE3391D1724EC0036B59B /* Build configuration list for PBXNativeTarget "Lab04" */ = {
			isa = XCConfigurationList;
			buildConfigurations = (
				8ECEE33A1D1724EC0036B59B /* Debug */,
				8ECEE33B1D1724EC0036B59B /* Release */,
			);
			defaultConfigurationIsVisible = 0;
			defaultConfigurationName = Release;
		};
/* End XCConfigurationList section */

/* Begin XCVersionGroup section */
		8ECEE32E1D1724EC0036B59B /* Lab04.xcdatamodeld */ = {
			isa = XCVersionGroup;
			children = (
				8ECEE32F1D1724EC0036B59B /* Lab04.xcdatamodel */,
			);
			currentVersion = 8ECEE32F1D1724EC0036B59B /* Lab04.xcdatamodel */;
			path = Lab04.xcdatamodeld;
			sourceTree = "<group>";
			versionGroupType = wrapper.xcdatamodel;
		};
/* End XCVersionGroup section */
	};
	rootObject = 8ECEE3171D1724EC0036B59B /* Project object */;
}
